// !$*UTF8*$!
{
	archiveVersion = 1;
	classes = {
	};
	objectVersion = 46;
	objects = {

/* Begin PBXBuildFile section */
		E11C79FD1BAC3A860070BC38 /* main.m in Sources */ = {isa = PBXBuildFile; fileRef = E11C79FC1BAC3A860070BC38 /* main.m */; };
		E11C7A001BAC3A860070BC38 /* AppDelegate.m in Sources */ = {isa = PBXBuildFile; fileRef = E11C79FF1BAC3A860070BC38 /* AppDelegate.m */; };
		E11C7A081BAC3A860070BC38 /* Images.xcassets in Resources */ = {isa = PBXBuildFile; fileRef = E11C7A071BAC3A860070BC38 /* Images.xcassets */; };
		E11C7A0B1BAC3A860070BC38 /* LaunchScreen.xib in Resources */ = {isa = PBXBuildFile; fileRef = E11C7A091BAC3A860070BC38 /* LaunchScreen.xib */; };
		E11C7A171BAC3A870070BC38 /* MarioinCityTests.m in Sources */ = {isa = PBXBuildFile; fileRef = E11C7A161BAC3A870070BC38 /* MarioinCityTests.m */; };
		E189A32C1BE0BCE800CD6A3F /* SuperMario.m in Sources */ = {isa = PBXBuildFile; fileRef = E189A32B1BE0BCE800CD6A3F /* SuperMario.m */; };
		E189A3351BE0BE7E00CD6A3F /* 1.png in Resources */ = {isa = PBXBuildFile; fileRef = E189A32D1BE0BE7E00CD6A3F /* 1.png */; };
		E189A3361BE0BE7E00CD6A3F /* 2.png in Resources */ = {isa = PBXBuildFile; fileRef = E189A32E1BE0BE7E00CD6A3F /* 2.png */; };
		E189A3371BE0BE7E00CD6A3F /* 3.png in Resources */ = {isa = PBXBuildFile; fileRef = E189A32F1BE0BE7E00CD6A3F /* 3.png */; };
		E189A3381BE0BE7E00CD6A3F /* 4.png in Resources */ = {isa = PBXBuildFile; fileRef = E189A3301BE0BE7E00CD6A3F /* 4.png */; };
		E189A3391BE0BE7E00CD6A3F /* 5.png in Resources */ = {isa = PBXBuildFile; fileRef = E189A3311BE0BE7E00CD6A3F /* 5.png */; };
		E189A33A1BE0BE7E00CD6A3F /* 6.png in Resources */ = {isa = PBXBuildFile; fileRef = E189A3321BE0BE7E00CD6A3F /* 6.png */; };
		E189A33B1BE0BE7E00CD6A3F /* 7.png in Resources */ = {isa = PBXBuildFile; fileRef = E189A3331BE0BE7E00CD6A3F /* 7.png */; };
		E189A33C1BE0BE7E00CD6A3F /* 8.png in Resources */ = {isa = PBXBuildFile; fileRef = E189A3341BE0BE7E00CD6A3F /* 8.png */; };
		E1A42B181BCE422600C25BD4 /* Scene.m in Sources */ = {isa = PBXBuildFile; fileRef = E1A42B171BCE422600C25BD4 /* Scene.m */; };
		E1A42B1B1BCE42F700C25BD4 /* Sprite.m in Sources */ = {isa = PBXBuildFile; fileRef = E1A42B1A1BCE42F700C25BD4 /* Sprite.m */; };
		E1A42B1E1BCE462500C25BD4 /* MainScene.m in Sources */ = {isa = PBXBuildFile; fileRef = E1A42B1D1BCE462500C25BD4 /* MainScene.m */; };
		E1A42B211BCE466900C25BD4 /* City.m in Sources */ = {isa = PBXBuildFile; fileRef = E1A42B201BCE466900C25BD4 /* City.m */; };
		E1A42B241BCE469C00C25BD4 /* Cloud.m in Sources */ = {isa = PBXBuildFile; fileRef = E1A42B231BCE469C00C25BD4 /* Cloud.m */; };
		E1A42B271BCE46B000C25BD4 /* Block.m in Sources */ = {isa = PBXBuildFile; fileRef = E1A42B261BCE46B000C25BD4 /* Block.m */; };
		E1B86F781BDF28C4006170C5 /* city.png in Resources */ = {isa = PBXBuildFile; fileRef = E1B86F731BDF28C4006170C5 /* city.png */; };
		E1B86F791BDF28C4006170C5 /* cloud1.png in Resources */ = {isa = PBXBuildFile; fileRef = E1B86F741BDF28C4006170C5 /* cloud1.png */; };
		E1B86F7A1BDF28C4006170C5 /* cloud2.png in Resources */ = {isa = PBXBuildFile; fileRef = E1B86F751BDF28C4006170C5 /* cloud2.png */; };
		E1B86F7B1BDF28C4006170C5 /* cloud3.png in Resources */ = {isa = PBXBuildFile; fileRef = E1B86F761BDF28C4006170C5 /* cloud3.png */; };
		E1B86F7C1BDF28C4006170C5 /* clown.png in Resources */ = {isa = PBXBuildFile; fileRef = E1B86F771BDF28C4006170C5 /* clown.png */; };
		E1C733331BE05B6100B7F612 /* TrafficLamp1.png in Resources */ = {isa = PBXBuildFile; fileRef = E1C733311BE05B6100B7F612 /* TrafficLamp1.png */; };
		E1C733341BE05B6100B7F612 /* TrafficLamp2.png in Resources */ = {isa = PBXBuildFile; fileRef = E1C733321BE05B6100B7F612 /* TrafficLamp2.png */; };
		E1C733371BE05B9800B7F612 /* TrafficLamp.m in Sources */ = {isa = PBXBuildFile; fileRef = E1C733361BE05B9800B7F612 /* TrafficLamp.m */; };
/* End PBXBuildFile section */

/* Begin PBXContainerItemProxy section */
		E11C7A111BAC3A870070BC38 /* PBXContainerItemProxy */ = {
			isa = PBXContainerItemProxy;
			containerPortal = E11C79EF1BAC3A860070BC38 /* Project object */;
			proxyType = 1;
			remoteGlobalIDString = E11C79F61BAC3A860070BC38;
			remoteInfo = MarioinCity;
		};
/* End PBXContainerItemProxy section */

/* Begin PBXFileReference section */
		E11C79F71BAC3A860070BC38 /* MarioinCity.app */ = {isa = PBXFileReference; explicitFileType = wrapper.application; includeInIndex = 0; path = MarioinCity.app; sourceTree = BUILT_PRODUCTS_DIR; };
		E11C79FB1BAC3A860070BC38 /* Info.plist */ = {isa = PBXFileReference; lastKnownFileType = text.plist.xml; path = Info.plist; sourceTree = "<group>"; };
		E11C79FC1BAC3A860070BC38 /* main.m */ = {isa = PBXFileReference; lastKnownFileType = sourcecode.c.objc; path = main.m; sourceTree = "<group>"; };
		E11C79FE1BAC3A860070BC38 /* AppDelegate.h */ = {isa = PBXFileReference; lastKnownFileType = sourcecode.c.h; path = AppDelegate.h; sourceTree = "<group>"; };
		E11C79FF1BAC3A860070BC38 /* AppDelegate.m */ = {isa = PBXFileReference; lastKnownFileType = sourcecode.c.objc; path = AppDelegate.m; sourceTree = "<group>"; };
		E11C7A071BAC3A860070BC38 /* Images.xcassets */ = {isa = PBXFileReference; lastKnownFileType = folder.assetcatalog; path = Images.xcassets; sourceTree = "<group>"; };
		E11C7A0A1BAC3A860070BC38 /* Base */ = {isa = PBXFileReference; lastKnownFileType = file.xib; name = Base; path = Base.lproj/LaunchScreen.xib; sourceTree = "<group>"; };
		E11C7A101BAC3A870070BC38 /* MarioinCityTests.xctest */ = {isa = PBXFileReference; explicitFileType = wrapper.cfbundle; includeInIndex = 0; path = MarioinCityTests.xctest; sourceTree = BUILT_PRODUCTS_DIR; };
		E11C7A151BAC3A870070BC38 /* Info.plist */ = {isa = PBXFileReference; lastKnownFileType = text.plist.xml; path = Info.plist; sourceTree = "<group>"; };
		E11C7A161BAC3A870070BC38 /* MarioinCityTests.m */ = {isa = PBXFileReference; lastKnownFileType = sourcecode.c.objc; path = MarioinCityTests.m; sourceTree = "<group>"; };
		E189A32A1BE0BCE800CD6A3F /* SuperMario.h */ = {isa = PBXFileReference; fileEncoding = 4; lastKnownFileType = sourcecode.c.h; path = SuperMario.h; sourceTree = "<group>"; };
		E189A32B1BE0BCE800CD6A3F /* SuperMario.m */ = {isa = PBXFileReference; fileEncoding = 4; lastKnownFileType = sourcecode.c.objc; path = SuperMario.m; sourceTree = "<group>"; };
		E189A32D1BE0BE7E00CD6A3F /* 1.png */ = {isa = PBXFileReference; lastKnownFileType = image.png; path = 1.png; sourceTree = "<group>"; };
		E189A32E1BE0BE7E00CD6A3F /* 2.png */ = {isa = PBXFileReference; lastKnownFileType = image.png; path = 2.png; sourceTree = "<group>"; };
		E189A32F1BE0BE7E00CD6A3F /* 3.png */ = {isa = PBXFileReference; lastKnownFileType = image.png; path = 3.png; sourceTree = "<group>"; };
		E189A3301BE0BE7E00CD6A3F /* 4.png */ = {isa = PBXFileReference; lastKnownFileType = image.png; path = 4.png; sourceTree = "<group>"; };
		E189A3311BE0BE7E00CD6A3F /* 5.png */ = {isa = PBXFileReference; lastKnownFileType = image.png; path = 5.png; sourceTree = "<group>"; };
		E189A3321BE0BE7E00CD6A3F /* 6.png */ = {isa = PBXFileReference; lastKnownFileType = image.png; path = 6.png; sourceTree = "<group>"; };
		E189A3331BE0BE7E00CD6A3F /* 7.png */ = {isa = PBXFileReference; lastKnownFileType = image.png; path = 7.png; sourceTree = "<group>"; };
		E189A3341BE0BE7E00CD6A3F /* 8.png */ = {isa = PBXFileReference; lastKnownFileType = image.png; path = 8.png; sourceTree = "<group>"; };
		E1A42B161BCE422600C25BD4 /* Scene.h */ = {isa = PBXFileReference; fileEncoding = 4; lastKnownFileType = sourcecode.c.h; path = Scene.h; sourceTree = "<group>"; };
		E1A42B171BCE422600C25BD4 /* Scene.m */ = {isa = PBXFileReference; fileEncoding = 4; lastKnownFileType = sourcecode.c.objc; path = Scene.m; sourceTree = "<group>"; };
		E1A42B191BCE42F700C25BD4 /* Sprite.h */ = {isa = PBXFileReference; fileEncoding = 4; lastKnownFileType = sourcecode.c.h; path = Sprite.h; sourceTree = "<group>"; };
		E1A42B1A1BCE42F700C25BD4 /* Sprite.m */ = {isa = PBXFileReference; fileEncoding = 4; lastKnownFileType = sourcecode.c.objc; path = Sprite.m; sourceTree = "<group>"; };
		E1A42B1C1BCE462500C25BD4 /* MainScene.h */ = {isa = PBXFileReference; fileEncoding = 4; lastKnownFileType = sourcecode.c.h; path = MainScene.h; sourceTree = "<group>"; };
		E1A42B1D1BCE462500C25BD4 /* MainScene.m */ = {isa = PBXFileReference; fileEncoding = 4; lastKnownFileType = sourcecode.c.objc; path = MainScene.m; sourceTree = "<group>"; };
		E1A42B1F1BCE466900C25BD4 /* City.h */ = {isa = PBXFileReference; fileEncoding = 4; lastKnownFileType = sourcecode.c.h; path = City.h; sourceTree = "<group>"; };
		E1A42B201BCE466900C25BD4 /* City.m */ = {isa = PBXFileReference; fileEncoding = 4; lastKnownFileType = sourcecode.c.objc; path = City.m; sourceTree = "<group>"; };
		E1A42B221BCE469C00C25BD4 /* Cloud.h */ = {isa = PBXFileReference; fileEncoding = 4; lastKnownFileType = sourcecode.c.h; path = Cloud.h; sourceTree = "<group>"; };
		E1A42B231BCE469C00C25BD4 /* Cloud.m */ = {isa = PBXFileReference; fileEncoding = 4; lastKnownFileType = sourcecode.c.objc; path = Cloud.m; sourceTree = "<group>"; };
		E1A42B251BCE46B000C25BD4 /* Block.h */ = {isa = PBXFileReference; fileEncoding = 4; lastKnownFileType = sourcecode.c.h; path = Block.h; sourceTree = "<group>"; };
		E1A42B261BCE46B000C25BD4 /* Block.m */ = {isa = PBXFileReference; fileEncoding = 4; lastKnownFileType = sourcecode.c.objc; path = Block.m; sourceTree = "<group>"; };
		E1B86F731BDF28C4006170C5 /* city.png */ = {isa = PBXFileReference; lastKnownFileType = image.png; path = city.png; sourceTree = "<group>"; };
		E1B86F741BDF28C4006170C5 /* cloud1.png */ = {isa = PBXFileReference; lastKnownFileType = image.png; path = cloud1.png; sourceTree = "<group>"; };
		E1B86F751BDF28C4006170C5 /* cloud2.png */ = {isa = PBXFileReference; lastKnownFileType = image.png; path = cloud2.png; sourceTree = "<group>"; };
		E1B86F761BDF28C4006170C5 /* cloud3.png */ = {isa = PBXFileReference; lastKnownFileType = image.png; path = cloud3.png; sourceTree = "<group>"; };
		E1B86F771BDF28C4006170C5 /* clown.png */ = {isa = PBXFileReference; lastKnownFileType = image.png; path = clown.png; sourceTree = "<group>"; };
		E1C733311BE05B6100B7F612 /* TrafficLamp1.png */ = {isa = PBXFileReference; lastKnownFileType = image.png; path = TrafficLamp1.png; sourceTree = "<group>"; };
		E1C733321BE05B6100B7F612 /* TrafficLamp2.png */ = {isa = PBXFileReference; lastKnownFileType = image.png; path = TrafficLamp2.png; sourceTree = "<group>"; };
		E1C733351BE05B9800B7F612 /* TrafficLamp.h */ = {isa = PBXFileReference; fileEncoding = 4; lastKnownFileType = sourcecode.c.h; path = TrafficLamp.h; sourceTree = "<group>"; };
		E1C733361BE05B9800B7F612 /* TrafficLamp.m */ = {isa = PBXFileReference; fileEncoding = 4; lastKnownFileType = sourcecode.c.objc; path = TrafficLamp.m; sourceTree = "<group>"; };
/* End PBXFileReference section */

/* Begin PBXFrameworksBuildPhase section */
		E11C79F41BAC3A860070BC38 /* Frameworks */ = {
			isa = PBXFrameworksBuildPhase;
			buildActionMask = 2147483647;
			files = (
			);
			runOnlyForDeploymentPostprocessing = 0;
		};
		E11C7A0D1BAC3A870070BC38 /* Frameworks */ = {
			isa = PBXFrameworksBuildPhase;
			buildActionMask = 2147483647;
			files = (
			);
			runOnlyForDeploymentPostprocessing = 0;
		};
/* End PBXFrameworksBuildPhase section */

/* Begin PBXGroup section */
		E11C79EE1BAC3A860070BC38 = {
			isa = PBXGroup;
			children = (
				E11C79F91BAC3A860070BC38 /* MarioinCity */,
				E11C7A131BAC3A870070BC38 /* MarioinCityTests */,
				E11C79F81BAC3A860070BC38 /* Products */,
			);
			sourceTree = "<group>";
		};
		E11C79F81BAC3A860070BC38 /* Products */ = {
			isa = PBXGroup;
			children = (
				E11C79F71BAC3A860070BC38 /* MarioinCity.app */,
				E11C7A101BAC3A870070BC38 /* MarioinCityTests.xctest */,
			);
			name = Products;
			sourceTree = "<group>";
		};
		E11C79F91BAC3A860070BC38 /* MarioinCity */ = {
			isa = PBXGroup;
			children = (
				E1A42B151BCE41A200C25BD4 /* Resources */,
				E1A42B121BCE414500C25BD4 /* GameCore */,
				E1A42B131BCE414F00C25BD4 /* Scene */,
				E1A42B141BCE415B00C25BD4 /* Sprite */,
				E11C79FE1BAC3A860070BC38 /* AppDelegate.h */,
				E11C79FF1BAC3A860070BC38 /* AppDelegate.m */,
				E11C7A071BAC3A860070BC38 /* Images.xcassets */,
				E11C7A091BAC3A860070BC38 /* LaunchScreen.xib */,
				E11C79FA1BAC3A860070BC38 /* Supporting Files */,
			);
			path = MarioinCity;
			sourceTree = "<group>";
		};
		E11C79FA1BAC3A860070BC38 /* Supporting Files */ = {
			isa = PBXGroup;
			children = (
				E11C79FB1BAC3A860070BC38 /* Info.plist */,
				E11C79FC1BAC3A860070BC38 /* main.m */,
			);
			name = "Supporting Files";
			sourceTree = "<group>";
		};
		E11C7A131BAC3A870070BC38 /* MarioinCityTests */ = {
			isa = PBXGroup;
			children = (
				E11C7A161BAC3A870070BC38 /* MarioinCityTests.m */,
				E11C7A141BAC3A870070BC38 /* Supporting Files */,
			);
			path = MarioinCityTests;
			sourceTree = "<group>";
		};
		E11C7A141BAC3A870070BC38 /* Supporting Files */ = {
			isa = PBXGroup;
			children = (
				E11C7A151BAC3A870070BC38 /* Info.plist */,
			);
			name = "Supporting Files";
			sourceTree = "<group>";
		};
		E1A42B121BCE414500C25BD4 /* GameCore */ = {
			isa = PBXGroup;
			children = (
				E1A42B161BCE422600C25BD4 /* Scene.h */,
				E1A42B171BCE422600C25BD4 /* Scene.m */,
				E1A42B191BCE42F700C25BD4 /* Sprite.h */,
				E1A42B1A1BCE42F700C25BD4 /* Sprite.m */,
			);
			name = GameCore;
			sourceTree = "<group>";
		};
		E1A42B131BCE414F00C25BD4 /* Scene */ = {
			isa = PBXGroup;
			children = (
				E1A42B1C1BCE462500C25BD4 /* MainScene.h */,
				E1A42B1D1BCE462500C25BD4 /* MainScene.m */,
			);
			name = Scene;
			sourceTree = "<group>";
		};
		E1A42B141BCE415B00C25BD4 /* Sprite */ = {
			isa = PBXGroup;
			children = (
				E1A42B1F1BCE466900C25BD4 /* City.h */,
				E1A42B201BCE466900C25BD4 /* City.m */,
				E1A42B221BCE469C00C25BD4 /* Cloud.h */,
				E1A42B231BCE469C00C25BD4 /* Cloud.m */,
				E1A42B251BCE46B000C25BD4 /* Block.h */,
				E1A42B261BCE46B000C25BD4 /* Block.m */,
				E1C733351BE05B9800B7F612 /* TrafficLamp.h */,
				E1C733361BE05B9800B7F612 /* TrafficLamp.m */,
				E189A32A1BE0BCE800CD6A3F /* SuperMario.h */,
				E189A32B1BE0BCE800CD6A3F /* SuperMario.m */,
			);
			name = Sprite;
			sourceTree = "<group>";
		};
		E1A42B151BCE41A200C25BD4 /* Resources */ = {
			isa = PBXGroup;
			children = (
				E189A32D1BE0BE7E00CD6A3F /* 1.png */,
				E189A32E1BE0BE7E00CD6A3F /* 2.png */,
				E189A32F1BE0BE7E00CD6A3F /* 3.png */,
				E189A3301BE0BE7E00CD6A3F /* 4.png */,
				E189A3311BE0BE7E00CD6A3F /* 5.png */,
				E189A3321BE0BE7E00CD6A3F /* 6.png */,
				E189A3331BE0BE7E00CD6A3F /* 7.png */,
				E189A3341BE0BE7E00CD6A3F /* 8.png */,
				E1C733311BE05B6100B7F612 /* TrafficLamp1.png */,
				E1C733321BE05B6100B7F612 /* TrafficLamp2.png */,
				E1B86F731BDF28C4006170C5 /* city.png */,
				E1B86F741BDF28C4006170C5 /* cloud1.png */,
				E1B86F751BDF28C4006170C5 /* cloud2.png */,
				E1B86F761BDF28C4006170C5 /* cloud3.png */,
				E1B86F771BDF28C4006170C5 /* clown.png */,
			);
			name = Resources;
			sourceTree = "<group>";
		};
/* End PBXGroup section */

/* Begin PBXNativeTarget section */
		E11C79F61BAC3A860070BC38 /* MarioinCity */ = {
			isa = PBXNativeTarget;
			buildConfigurationList = E11C7A1A1BAC3A870070BC38 /* Build configuration list for PBXNativeTarget "MarioinCity" */;
			buildPhases = (
				E11C79F31BAC3A860070BC38 /* Sources */,
				E11C79F41BAC3A860070BC38 /* Frameworks */,
				E11C79F51BAC3A860070BC38 /* Resources */,
			);
			buildRules = (
			);
			dependencies = (
			);
			name = MarioinCity;
			productName = MarioinCity;
			productReference = E11C79F71BAC3A860070BC38 /* MarioinCity.app */;
			productType = "com.apple.product-type.application";
		};
		E11C7A0F1BAC3A870070BC38 /* MarioinCityTests */ = {
			isa = PBXNativeTarget;
			buildConfigurationList = E11C7A1D1BAC3A870070BC38 /* Build configuration list for PBXNativeTarget "MarioinCityTests" */;
			buildPhases = (
				E11C7A0C1BAC3A870070BC38 /* Sources */,
				E11C7A0D1BAC3A870070BC38 /* Frameworks */,
				E11C7A0E1BAC3A870070BC38 /* Resources */,
			);
			buildRules = (
			);
			dependencies = (
				E11C7A121BAC3A870070BC38 /* PBXTargetDependency */,
			);
			name = MarioinCityTests;
			productName = MarioinCityTests;
			productReference = E11C7A101BAC3A870070BC38 /* MarioinCityTests.xctest */;
			productType = "com.apple.product-type.bundle.unit-test";
		};
/* End PBXNativeTarget section */

/* Begin PBXProject section */
		E11C79EF1BAC3A860070BC38 /* Project object */ = {
			isa = PBXProject;
			attributes = {
				LastUpgradeCheck = 0640;
				ORGANIZATIONNAME = "Do Minh Hai";
				TargetAttributes = {
					E11C79F61BAC3A860070BC38 = {
						CreatedOnToolsVersion = 6.4;
					};
					E11C7A0F1BAC3A870070BC38 = {
						CreatedOnToolsVersion = 6.4;
						TestTargetID = E11C79F61BAC3A860070BC38;
					};
				};
			};
			buildConfigurationList = E11C79F21BAC3A860070BC38 /* Build configuration list for PBXProject "MarioinCity" */;
			compatibilityVersion = "Xcode 3.2";
			developmentRegion = English;
			hasScannedForEncodings = 0;
			knownRegions = (
				en,
				Base,
			);
			mainGroup = E11C79EE1BAC3A860070BC38;
			productRefGroup = E11C79F81BAC3A860070BC38 /* Products */;
			projectDirPath = "";
			projectRoot = "";
			targets = (
				E11C79F61BAC3A860070BC38 /* MarioinCity */,
				E11C7A0F1BAC3A870070BC38 /* MarioinCityTests */,
			);
		};
/* End PBXProject section */

/* Begin PBXResourcesBuildPhase section */
		E11C79F51BAC3A860070BC38 /* Resources */ = {
			isa = PBXResourcesBuildPhase;
			buildActionMask = 2147483647;
			files = (
				E189A3361BE0BE7E00CD6A3F /* 2.png in Resources */,
				E11C7A0B1BAC3A860070BC38 /* LaunchScreen.xib in Resources */,
				E1C733341BE05B6100B7F612 /* TrafficLamp2.png in Resources */,
				E189A3381BE0BE7E00CD6A3F /* 4.png in Resources */,
				E189A3371BE0BE7E00CD6A3F /* 3.png in Resources */,
				E1B86F791BDF28C4006170C5 /* cloud1.png in Resources */,
				E1B86F7C1BDF28C4006170C5 /* clown.png in Resources */,
				E11C7A081BAC3A860070BC38 /* Images.xcassets in Resources */,
				E189A33C1BE0BE7E00CD6A3F /* 8.png in Resources */,
				E1B86F7A1BDF28C4006170C5 /* cloud2.png in Resources */,
				E189A33A1BE0BE7E00CD6A3F /* 6.png in Resources */,
				E1C733331BE05B6100B7F612 /* TrafficLamp1.png in Resources */,
				E1B86F781BDF28C4006170C5 /* city.png in Resources */,
				E189A3391BE0BE7E00CD6A3F /* 5.png in Resources */,
				E1B86F7B1BDF28C4006170C5 /* cloud3.png in Resources */,
				E189A3351BE0BE7E00CD6A3F /* 1.png in Resources */,
				E189A33B1BE0BE7E00CD6A3F /* 7.png in Resources */,
			);
			runOnlyForDeploymentPostprocessing = 0;
		};
		E11C7A0E1BAC3A870070BC38 /* Resources */ = {
			isa = PBXResourcesBuildPhase;
			buildActionMask = 2147483647;
			files = (
			);
			runOnlyForDeploymentPostprocessing = 0;
		};
/* End PBXResourcesBuildPhase section */

/* Begin PBXSourcesBuildPhase section */
		E11C79F31BAC3A860070BC38 /* Sources */ = {
			isa = PBXSourcesBuildPhase;
			buildActionMask = 2147483647;
			files = (
				E1A42B181BCE422600C25BD4 /* Scene.m in Sources */,
				E1C733371BE05B9800B7F612 /* TrafficLamp.m in Sources */,
				E11C7A001BAC3A860070BC38 /* AppDelegate.m in Sources */,
				E1A42B241BCE469C00C25BD4 /* Cloud.m in Sources */,
				E1A42B211BCE466900C25BD4 /* City.m in Sources */,
				E1A42B1E1BCE462500C25BD4 /* MainScene.m in Sources */,
				E1A42B271BCE46B000C25BD4 /* Block.m in Sources */,
				E1A42B1B1BCE42F700C25BD4 /* Sprite.m in Sources */,
				E189A32C1BE0BCE800CD6A3F /* SuperMario.m in Sources */,
				E11C79FD1BAC3A860070BC38 /* main.m in Sources */,
			);
			runOnlyForDeploymentPostprocessing = 0;
		};
		E11C7A0C1BAC3A870070BC38 /* Sources */ = {
			isa = PBXSourcesBuildPhase;
			buildActionMask = 2147483647;
			files = (
				E11C7A171BAC3A870070BC38 /* MarioinCityTests.m in Sources */,
			);
			runOnlyForDeploymentPostprocessing = 0;
		};
/* End PBXSourcesBuildPhase section */

/* Begin PBXTargetDependency section */
		E11C7A121BAC3A870070BC38 /* PBXTargetDependency */ = {
			isa = PBXTargetDependency;
			target = E11C79F61BAC3A860070BC38 /* MarioinCity */;
			targetProxy = E11C7A111BAC3A870070BC38 /* PBXContainerItemProxy */;
		};
/* End PBXTargetDependency section */

/* Begin PBXVariantGroup section */
		E11C7A091BAC3A860070BC38 /* LaunchScreen.xib */ = {
			isa = PBXVariantGroup;
			children = (
				E11C7A0A1BAC3A860070BC38 /* Base */,
			);
			name = LaunchScreen.xib;
			sourceTree = "<group>";
		};
/* End PBXVariantGroup section */

/* Begin XCBuildConfiguration section */
		E11C7A181BAC3A870070BC38 /* Debug */ = {
			isa = XCBuildConfiguration;
			buildSettings = {
				ALWAYS_SEARCH_USER_PATHS = NO;
				CLANG_CXX_LANGUAGE_STANDARD = "gnu++0x";
				CLANG_CXX_LIBRARY = "libc++";
				CLANG_ENABLE_MODULES = YES;
				CLANG_ENABLE_OBJC_ARC = YES;
				CLANG_WARN_BOOL_CONVERSION = YES;
				CLANG_WARN_CONSTANT_CONVERSION = YES;
				CLANG_WARN_DIRECT_OBJC_ISA_USAGE = YES_ERROR;
				CLANG_WARN_EMPTY_BODY = YES;
				CLANG_WARN_ENUM_CONVERSION = YES;
				CLANG_WARN_INT_CONVERSION = YES;
				CLANG_WARN_OBJC_ROOT_CLASS = YES_ERROR;
				CLANG_WARN_UNREACHABLE_CODE = YES;
				CLANG_WARN__DUPLICATE_METHOD_MATCH = YES;
				"CODE_SIGN_IDENTITY[sdk=iphoneos*]" = "iPhone Developer";
				COPY_PHASE_STRIP = NO;
				DEBUG_INFORMATION_FORMAT = "dwarf-with-dsym";
				ENABLE_STRICT_OBJC_MSGSEND = YES;
				GCC_C_LANGUAGE_STANDARD = gnu99;
				GCC_DYNAMIC_NO_PIC = NO;
				GCC_NO_COMMON_BLOCKS = YES;
				GCC_OPTIMIZATION_LEVEL = 0;
				GCC_PREPROCESSOR_DEFINITIONS = (
					"DEBUG=1",
					"$(inherited)",
				);
				GCC_SYMBOLS_PRIVATE_EXTERN = NO;
				GCC_WARN_64_TO_32_BIT_CONVERSION = YES;
				GCC_WARN_ABOUT_RETURN_TYPE = YES_ERROR;
				GCC_WARN_UNDECLARED_SELECTOR = YES;
				GCC_WARN_UNINITIALIZED_AUTOS = YES_AGGRESSIVE;
				GCC_WARN_UNUSED_FUNCTION = YES;
				GCC_WARN_UNUSED_VARIABLE = YES;
				IPHONEOS_DEPLOYMENT_TARGET = 8.4;
				MTL_ENABLE_DEBUG_INFO = YES;
				ONLY_ACTIVE_ARCH = YES;
				SDKROOT = iphoneos;
			};
			name = Debug;
		};
		E11C7A191BAC3A870070BC38 /* Release */ = {
			isa = XCBuildConfiguration;
			buildSettings = {
				ALWAYS_SEARCH_USER_PATHS = NO;
				CLANG_CXX_LANGUAGE_STANDARD = "gnu++0x";
				CLANG_CXX_LIBRARY = "libc++";
				CLANG_ENABLE_MODULES = YES;
				CLANG_ENABLE_OBJC_ARC = YES;
				CLANG_WARN_BOOL_CONVERSION = YES;
				CLANG_WARN_CONSTANT_CONVERSION = YES;
				CLANG_WARN_DIRECT_OBJC_ISA_USAGE = YES_ERROR;
				CLANG_WARN_EMPTY_BODY = YES;
				CLANG_WARN_ENUM_CONVERSION = YES;
				CLANG_WARN_INT_CONVERSION = YES;
				CLANG_WARN_OBJC_ROOT_CLASS = YES_ERROR;
				CLANG_WARN_UNREACHABLE_CODE = YES;
				CLANG_WARN__DUPLICATE_METHOD_MATCH = YES;
				"CODE_SIGN_IDENTITY[sdk=iphoneos*]" = "iPhone Developer";
				COPY_PHASE_STRIP = NO;
				DEBUG_INFORMATION_FORMAT = "dwarf-with-dsym";
				ENABLE_NS_ASSERTIONS = NO;
				ENABLE_STRICT_OBJC_MSGSEND = YES;
				GCC_C_LANGUAGE_STANDARD = gnu99;
				GCC_NO_COMMON_BLOCKS = YES;
				GCC_WARN_64_TO_32_BIT_CONVERSION = YES;
				GCC_WARN_ABOUT_RETURN_TYPE = YES_ERROR;
				GCC_WARN_UNDECLARED_SELECTOR = YES;
				GCC_WARN_UNINITIALIZED_AUTOS = YES_AGGRESSIVE;
				GCC_WARN_UNUSED_FUNCTION = YES;
				GCC_WARN_UNUSED_VARIABLE = YES;
				IPHONEOS_DEPLOYMENT_TARGET = 8.4;
				MTL_ENABLE_DEBUG_INFO = NO;
				SDKROOT = iphoneos;
				VALIDATE_PRODUCT = YES;
			};
			name = Release;
		};
		E11C7A1B1BAC3A870070BC38 /* Debug */ = {
			isa = XCBuildConfiguration;
			buildSettings = {
				ASSETCATALOG_COMPILER_APPICON_NAME = AppIcon;
				INFOPLIST_FILE = MarioinCity/Info.plist;
				LD_RUNPATH_SEARCH_PATHS = "$(inherited) @executable_path/Frameworks";
				PRODUCT_NAME = "$(TARGET_NAME)";
			};
			name = Debug;
		};
		E11C7A1C1BAC3A870070BC38 /* Release */ = {
			isa = XCBuildConfiguration;
			buildSettings = {
				ASSETCATALOG_COMPILER_APPICON_NAME = AppIcon;
				INFOPLIST_FILE = MarioinCity/Info.plist;
				LD_RUNPATH_SEARCH_PATHS = "$(inherited) @executable_path/Frameworks";
				PRODUCT_NAME = "$(TARGET_NAME)";
			};
			name = Release;
		};
		E11C7A1E1BAC3A870070BC38 /* Debug */ = {
			isa = XCBuildConfiguration;
			buildSettings = {
				BUNDLE_LOADER = "$(TEST_HOST)";
				FRAMEWORK_SEARCH_PATHS = (
					"$(SDKROOT)/Developer/Library/Frameworks",
					"$(inherited)",
				);
				GCC_PREPROCESSOR_DEFINITIONS = (
					"DEBUG=1",
					"$(inherited)",
				);
				INFOPLIST_FILE = MarioinCityTests/Info.plist;
				LD_RUNPATH_SEARCH_PATHS = "$(inherited) @executable_path/Frameworks @loader_path/Frameworks";
				PRODUCT_NAME = "$(TARGET_NAME)";
				TEST_HOST = "$(BUILT_PRODUCTS_DIR)/MarioinCity.app/MarioinCity";
			};
			name = Debug;
		};
		E11C7A1F1BAC3A870070BC38 /* Release */ = {
			isa = XCBuildConfiguration;
			buildSettings = {
				BUNDLE_LOADER = "$(TEST_HOST)";
				FRAMEWORK_SEARCH_PATHS = (
					"$(SDKROOT)/Developer/Library/Frameworks",
					"$(inherited)",
				);
				INFOPLIST_FILE = MarioinCityTests/Info.plist;
				LD_RUNPATH_SEARCH_PATHS = "$(inherited) @executable_path/Frameworks @loader_path/Frameworks";
				PRODUCT_NAME = "$(TARGET_NAME)";
				TEST_HOST = "$(BUILT_PRODUCTS_DIR)/MarioinCity.app/MarioinCity";
			};
			name = Release;
		};
/* End XCBuildConfiguration section */

/* Begin XCConfigurationList section */
		E11C79F21BAC3A860070BC38 /* Build configuration list for PBXProject "MarioinCity" */ = {
			isa = XCConfigurationList;
			buildConfigurations = (
				E11C7A181BAC3A870070BC38 /* Debug */,
				E11C7A191BAC3A870070BC38 /* Release */,
			);
			defaultConfigurationIsVisible = 0;
			defaultConfigurationName = Release;
		};
		E11C7A1A1BAC3A870070BC38 /* Build configuration list for PBXNativeTarget "MarioinCity" */ = {
			isa = XCConfigurationList;
			buildConfigurations = (
				E11C7A1B1BAC3A870070BC38 /* Debug */,
				E11C7A1C1BAC3A870070BC38 /* Release */,
			);
			defaultConfigurationIsVisible = 0;
			defaultConfigurationName = Release;
		};
		E11C7A1D1BAC3A870070BC38 /* Build configuration list for PBXNativeTarget "MarioinCityTests" */ = {
			isa = XCConfigurationList;
			buildConfigurations = (
				E11C7A1E1BAC3A870070BC38 /* Debug */,
				E11C7A1F1BAC3A870070BC38 /* Release */,
			);
			defaultConfigurationIsVisible = 0;
			defaultConfigurationName = Release;
		};
/* End XCConfigurationList section */
	};
	rootObject = E11C79EF1BAC3A860070BC38 /* Project object */;
}
